// !$*UTF8*$!
{
	archiveVersion = 1;
	classes = {
	};
	objectVersion = 55;
	objects = {

/* Begin PBXBuildFile section */
		EEBD319D27F7799A0050D348 /* AppDelegate.swift in Sources */ = {isa = PBXBuildFile; fileRef = EEBD319C27F7799A0050D348 /* AppDelegate.swift */; };
		EEBD319F27F7799B0050D348 /* SceneDelegate.swift in Sources */ = {isa = PBXBuildFile; fileRef = EEBD319E27F7799B0050D348 /* SceneDelegate.swift */; };
		EEBD31A127F7799B0050D348 /* ViewController.swift in Sources */ = {isa = PBXBuildFile; fileRef = EEBD31A027F7799B0050D348 /* ViewController.swift */; };
		EEBD31A427F7799B0050D348 /* Main.storyboard in Resources */ = {isa = PBXBuildFile; fileRef = EEBD31A227F7799B0050D348 /* Main.storyboard */; };
		EEBD31A627F7799C0050D348 /* Assets.xcassets in Resources */ = {isa = PBXBuildFile; fileRef = EEBD31A527F7799C0050D348 /* Assets.xcassets */; };
		EEBD31A927F7799C0050D348 /* LaunchScreen.storyboard in Resources */ = {isa = PBXBuildFile; fileRef = EEBD31A727F7799C0050D348 /* LaunchScreen.storyboard */; };
		EEBD31B427F77AE50050D348 /* TrackTableViewController.swift in Sources */ = {isa = PBXBuildFile; fileRef = EEBD31B327F77AE50050D348 /* TrackTableViewController.swift */; };
		EEBD31B627F77B100050D348 /* TrackDetailViewController.swift in Sources */ = {isa = PBXBuildFile; fileRef = EEBD31B527F77B100050D348 /* TrackDetailViewController.swift */; };
		EEBD31B827F7809B0050D348 /* TrackTableViewCell.swift in Sources */ = {isa = PBXBuildFile; fileRef = EEBD31B727F7809B0050D348 /* TrackTableViewCell.swift */; };
		EEBD31BA27F786060050D348 /* Track.swift in Sources */ = {isa = PBXBuildFile; fileRef = EEBD31B927F786060050D348 /* Track.swift */; };
		EEBD31BC27F786810050D348 /* TrackManager.swift in Sources */ = {isa = PBXBuildFile; fileRef = EEBD31BB27F786810050D348 /* TrackManager.swift */; };
/* End PBXBuildFile section */

/* Begin PBXFileReference section */
		EEBD319927F7799A0050D348 /* TableViewExercise.app */ = {isa = PBXFileReference; explicitFileType = wrapper.application; includeInIndex = 0; path = TableViewExercise.app; sourceTree = BUILT_PRODUCTS_DIR; };
		EEBD319C27F7799A0050D348 /* AppDelegate.swift */ = {isa = PBXFileReference; lastKnownFileType = sourcecode.swift; path = AppDelegate.swift; sourceTree = "<group>"; };
		EEBD319E27F7799B0050D348 /* SceneDelegate.swift */ = {isa = PBXFileReference; lastKnownFileType = sourcecode.swift; path = SceneDelegate.swift; sourceTree = "<group>"; };
		EEBD31A027F7799B0050D348 /* ViewController.swift */ = {isa = PBXFileReference; lastKnownFileType = sourcecode.swift; path = ViewController.swift; sourceTree = "<group>"; };
		EEBD31A327F7799B0050D348 /* Base */ = {isa = PBXFileReference; lastKnownFileType = file.storyboard; name = Base; path = Base.lproj/Main.storyboard; sourceTree = "<group>"; };
		EEBD31A527F7799C0050D348 /* Assets.xcassets */ = {isa = PBXFileReference; lastKnownFileType = folder.assetcatalog; path = Assets.xcassets; sourceTree = "<group>"; };
		EEBD31A827F7799C0050D348 /* Base */ = {isa = PBXFileReference; lastKnownFileType = file.storyboard; name = Base; path = Base.lproj/LaunchScreen.storyboard; sourceTree = "<group>"; };
		EEBD31AA27F7799C0050D348 /* Info.plist */ = {isa = PBXFileReference; lastKnownFileType = text.plist.xml; path = Info.plist; sourceTree = "<group>"; };
		EEBD31B327F77AE50050D348 /* TrackTableViewController.swift */ = {isa = PBXFileReference; lastKnownFileType = sourcecode.swift; path = TrackTableViewController.swift; sourceTree = "<group>"; };
		EEBD31B527F77B100050D348 /* TrackDetailViewController.swift */ = {isa = PBXFileReference; lastKnownFileType = sourcecode.swift; path = TrackDetailViewController.swift; sourceTree = "<group>"; };
		EEBD31B727F7809B0050D348 /* TrackTableViewCell.swift */ = {isa = PBXFileReference; lastKnownFileType = sourcecode.swift; path = TrackTableViewCell.swift; sourceTree = "<group>"; };
		EEBD31B927F786060050D348 /* Track.swift */ = {isa = PBXFileReference; lastKnownFileType = sourcecode.swift; path = Track.swift; sourceTree = "<group>"; };
		EEBD31BB27F786810050D348 /* TrackManager.swift */ = {isa = PBXFileReference; lastKnownFileType = sourcecode.swift; path = TrackManager.swift; sourceTree = "<group>"; };
/* End PBXFileReference section */

/* Begin PBXFrameworksBuildPhase section */
		EEBD319627F7799A0050D348 /* Frameworks */ = {
			isa = PBXFrameworksBuildPhase;
			buildActionMask = 2147483647;
			files = (
			);
			runOnlyForDeploymentPostprocessing = 0;
		};
/* End PBXFrameworksBuildPhase section */

/* Begin PBXGroup section */
		EEBD319027F7799A0050D348 = {
			isa = PBXGroup;
			children = (
				EEBD319B27F7799A0050D348 /* TableViewExercise */,
				EEBD319A27F7799A0050D348 /* Products */,
			);
			sourceTree = "<group>";
		};
		EEBD319A27F7799A0050D348 /* Products */ = {
			isa = PBXGroup;
			children = (
				EEBD319927F7799A0050D348 /* TableViewExercise.app */,
			);
			name = Products;
			sourceTree = "<group>";
		};
		EEBD319B27F7799A0050D348 /* TableViewExercise */ = {
			isa = PBXGroup;
			children = (
				EEBD31B227F77A950050D348 /* Controller */,
				EEBD31B127F77A8F0050D348 /* View */,
				EEBD31B027F77A860050D348 /* Model */,
				EEBD319C27F7799A0050D348 /* AppDelegate.swift */,
				EEBD319E27F7799B0050D348 /* SceneDelegate.swift */,
				EEBD31A027F7799B0050D348 /* ViewController.swift */,
				EEBD31A227F7799B0050D348 /* Main.storyboard */,
				EEBD31A527F7799C0050D348 /* Assets.xcassets */,
				EEBD31A727F7799C0050D348 /* LaunchScreen.storyboard */,
				EEBD31AA27F7799C0050D348 /* Info.plist */,
			);
			path = TableViewExercise;
			sourceTree = "<group>";
		};
		EEBD31B027F77A860050D348 /* Model */ = {
			isa = PBXGroup;
			children = (
				EEBD31B927F786060050D348 /* Track.swift */,
				EEBD31BB27F786810050D348 /* TrackManager.swift */,
			);
			path = Model;
			sourceTree = "<group>";
		};
		EEBD31B127F77A8F0050D348 /* View */ = {
			isa = PBXGroup;
			children = (
				EEBD31B727F7809B0050D348 /* TrackTableViewCell.swift */,
			);
			path = View;
			sourceTree = "<group>";
		};
		EEBD31B227F77A950050D348 /* Controller */ = {
			isa = PBXGroup;
			children = (
				EEBD31B327F77AE50050D348 /* TrackTableViewController.swift */,
				EEBD31B527F77B100050D348 /* TrackDetailViewController.swift */,
			);
			path = Controller;
			sourceTree = "<group>";
		};
/* End PBXGroup section */

/* Begin PBXNativeTarget section */
		EEBD319827F7799A0050D348 /* TableViewExercise */ = {
			isa = PBXNativeTarget;
			buildConfigurationList = EEBD31AD27F7799C0050D348 /* Build configuration list for PBXNativeTarget "TableViewExercise" */;
			buildPhases = (
				EEBD319527F7799A0050D348 /* Sources */,
				EEBD319627F7799A0050D348 /* Frameworks */,
				EEBD319727F7799A0050D348 /* Resources */,
			);
			buildRules = (
			);
			dependencies = (
			);
			name = TableViewExercise;
			productName = TableViewExercise;
			productReference = EEBD319927F7799A0050D348 /* TableViewExercise.app */;
			productType = "com.apple.product-type.application";
		};
/* End PBXNativeTarget section */

/* Begin PBXProject section */
		EEBD319127F7799A0050D348 /* Project object */ = {
			isa = PBXProject;
			attributes = {
				BuildIndependentTargetsInParallel = 1;
				LastSwiftUpdateCheck = 1330;
				LastUpgradeCheck = 1330;
				TargetAttributes = {
					EEBD319827F7799A0050D348 = {
						CreatedOnToolsVersion = 13.3;
					};
				};
			};
			buildConfigurationList = EEBD319427F7799A0050D348 /* Build configuration list for PBXProject "TableViewExercise" */;
			compatibilityVersion = "Xcode 13.0";
			developmentRegion = en;
			hasScannedForEncodings = 0;
			knownRegions = (
				en,
				Base,
			);
			mainGroup = EEBD319027F7799A0050D348;
			productRefGroup = EEBD319A27F7799A0050D348 /* Products */;
			projectDirPath = "";
			projectRoot = "";
			targets = (
				EEBD319827F7799A0050D348 /* TableViewExercise */,
			);
		};
/* End PBXProject section */

/* Begin PBXResourcesBuildPhase section */
		EEBD319727F7799A0050D348 /* Resources */ = {
			isa = PBXResourcesBuildPhase;
			buildActionMask = 2147483647;
			files = (
				EEBD31A927F7799C0050D348 /* LaunchScreen.storyboard in Resources */,
				EEBD31A627F7799C0050D348 /* Assets.xcassets in Resources */,
				EEBD31A427F7799B0050D348 /* Main.storyboard in Resources */,
			);
			runOnlyForDeploymentPostprocessing = 0;
		};
/* End PBXResourcesBuildPhase section */

/* Begin PBXSourcesBuildPhase section */
		EEBD319527F7799A0050D348 /* Sources */ = {
			isa = PBXSourcesBuildPhase;
			buildActionMask = 2147483647;
			files = (
				EEBD31A127F7799B0050D348 /* ViewController.swift in Sources */,
				EEBD31B827F7809B0050D348 /* TrackTableViewCell.swift in Sources */,
				EEBD31B627F77B100050D348 /* TrackDetailViewController.swift in Sources */,
				EEBD31B427F77AE50050D348 /* TrackTableViewController.swift in Sources */,
				EEBD319D27F7799A0050D348 /* AppDelegate.swift in Sources */,
				EEBD31BC27F786810050D348 /* TrackManager.swift in Sources */,
				EEBD319F27F7799B0050D348 /* SceneDelegate.swift in Sources */,
				EEBD31BA27F786060050D348 /* Track.swift in Sources */,
			);
			runOnlyForDeploymentPostprocessing = 0;
		};
/* End PBXSourcesBuildPhase section */

/* Begin PBXVariantGroup section */
		EEBD31A227F7799B0050D348 /* Main.storyboard */ = {
			isa = PBXVariantGroup;
			children = (
				EEBD31A327F7799B0050D348 /* Base */,
			);
			name = Main.storyboard;
			sourceTree = "<group>";
		};
		EEBD31A727F7799C0050D348 /* LaunchScreen.storyboard */ = {
			isa = PBXVariantGroup;
			children = (
				EEBD31A827F7799C0050D348 /* Base */,
			);
			name = LaunchScreen.storyboard;
			sourceTree = "<group>";
		};
/* End PBXVariantGroup section */

/* Begin XCBuildConfiguration section */
		EEBD31AB27F7799C0050D348 /* Debug */ = {
			isa = XCBuildConfiguration;
			buildSettings = {
				ALWAYS_SEARCH_USER_PATHS = NO;
				CLANG_ANALYZER_NONNULL = YES;
				CLANG_ANALYZER_NUMBER_OBJECT_CONVERSION = YES_AGGRESSIVE;
				CLANG_CXX_LANGUAGE_STANDARD = "gnu++17";
				CLANG_ENABLE_MODULES = YES;
				CLANG_ENABLE_OBJC_ARC = YES;
				CLANG_ENABLE_OBJC_WEAK = YES;
				CLANG_WARN_BLOCK_CAPTURE_AUTORELEASING = YES;
				CLANG_WARN_BOOL_CONVERSION = YES;
				CLANG_WARN_COMMA = YES;
				CLANG_WARN_CONSTANT_CONVERSION = YES;
				CLANG_WARN_DEPRECATED_OBJC_IMPLEMENTATIONS = YES;
				CLANG_WARN_DIRECT_OBJC_ISA_USAGE = YES_ERROR;
				CLANG_WARN_DOCUMENTATION_COMMENTS = YES;
				CLANG_WARN_EMPTY_BODY = YES;
				CLANG_WARN_ENUM_CONVERSION = YES;
				CLANG_WARN_INFINITE_RECURSION = YES;
				CLANG_WARN_INT_CONVERSION = YES;
				CLANG_WARN_NON_LITERAL_NULL_CONVERSION = YES;
				CLANG_WARN_OBJC_IMPLICIT_RETAIN_SELF = YES;
				CLANG_WARN_OBJC_LITERAL_CONVERSION = YES;
				CLANG_WARN_OBJC_ROOT_CLASS = YES_ERROR;
				CLANG_WARN_QUOTED_INCLUDE_IN_FRAMEWORK_HEADER = YES;
				CLANG_WARN_RANGE_LOOP_ANALYSIS = YES;
				CLANG_WARN_STRICT_PROTOTYPES = YES;
				CLANG_WARN_SUSPICIOUS_MOVE = YES;
				CLANG_WARN_UNGUARDED_AVAILABILITY = YES_AGGRESSIVE;
				CLANG_WARN_UNREACHABLE_CODE = YES;
				CLANG_WARN__DUPLICATE_METHOD_MATCH = YES;
				COPY_PHASE_STRIP = NO;
				DEBUG_INFORMATION_FORMAT = dwarf;
				ENABLE_STRICT_OBJC_MSGSEND = YES;
				ENABLE_TESTABILITY = YES;
				GCC_C_LANGUAGE_STANDARD = gnu11;
				GCC_DYNAMIC_NO_PIC = NO;
				GCC_NO_COMMON_BLOCKS = YES;
				GCC_OPTIMIZATION_LEVEL = 0;
				GCC_PREPROCESSOR_DEFINITIONS = (
					"DEBUG=1",
					"$(inherited)",
				);
				GCC_WARN_64_TO_32_BIT_CONVERSION = YES;
				GCC_WARN_ABOUT_RETURN_TYPE = YES_ERROR;
				GCC_WARN_UNDECLARED_SELECTOR = YES;
				GCC_WARN_UNINITIALIZED_AUTOS = YES_AGGRESSIVE;
				GCC_WARN_UNUSED_FUNCTION = YES;
				GCC_WARN_UNUSED_VARIABLE = YES;
				IPHONEOS_DEPLOYMENT_TARGET = 15.4;
				MTL_ENABLE_DEBUG_INFO = INCLUDE_SOURCE;
				MTL_FAST_MATH = YES;
				ONLY_ACTIVE_ARCH = YES;
				SDKROOT = iphoneos;
				SWIFT_ACTIVE_COMPILATION_CONDITIONS = DEBUG;
				SWIFT_OPTIMIZATION_LEVEL = "-Onone";
			};
			name = Debug;
		};
		EEBD31AC27F7799C0050D348 /* Release */ = {
			isa = XCBuildConfiguration;
			buildSettings = {
				ALWAYS_SEARCH_USER_PATHS = NO;
				CLANG_ANALYZER_NONNULL = YES;
				CLANG_ANALYZER_NUMBER_OBJECT_CONVERSION = YES_AGGRESSIVE;
				CLANG_CXX_LANGUAGE_STANDARD = "gnu++17";
				CLANG_ENABLE_MODULES = YES;
				CLANG_ENABLE_OBJC_ARC = YES;
				CLANG_ENABLE_OBJC_WEAK = YES;
				CLANG_WARN_BLOCK_CAPTURE_AUTORELEASING = YES;
				CLANG_WARN_BOOL_CONVERSION = YES;
				CLANG_WARN_COMMA = YES;
				CLANG_WARN_CONSTANT_CONVERSION = YES;
				CLANG_WARN_DEPRECATED_OBJC_IMPLEMENTATIONS = YES;
				CLANG_WARN_DIRECT_OBJC_ISA_USAGE = YES_ERROR;
				CLANG_WARN_DOCUMENTATION_COMMENTS = YES;
				CLANG_WARN_EMPTY_BODY = YES;
				CLANG_WARN_ENUM_CONVERSION = YES;
				CLANG_WARN_INFINITE_RECURSION = YES;
				CLANG_WARN_INT_CONVERSION = YES;
				CLANG_WARN_NON_LITERAL_NULL_CONVERSION = YES;
				CLANG_WARN_OBJC_IMPLICIT_RETAIN_SELF = YES;
				CLANG_WARN_OBJC_LITERAL_CONVERSION = YES;
				CLANG_WARN_OBJC_ROOT_CLASS = YES_ERROR;
				CLANG_WARN_QUOTED_INCLUDE_IN_FRAMEWORK_HEADER = YES;
				CLANG_WARN_RANGE_LOOP_ANALYSIS = YES;
				CLANG_WARN_STRICT_PROTOTYPES = YES;
				CLANG_WARN_SUSPICIOUS_MOVE = YES;
				CLANG_WARN_UNGUARDED_AVAILABILITY = YES_AGGRESSIVE;
				CLANG_WARN_UNREACHABLE_CODE = YES;
				CLANG_WARN__DUPLICATE_METHOD_MATCH = YES;
				COPY_PHASE_STRIP = NO;
				DEBUG_INFORMATION_FORMAT = "dwarf-with-dsym";
				ENABLE_NS_ASSERTIONS = NO;
				ENABLE_STRICT_OBJC_MSGSEND = YES;
				GCC_C_LANGUAGE_STANDARD = gnu11;
				GCC_NO_COMMON_BLOCKS = YES;
				GCC_WARN_64_TO_32_BIT_CONVERSION = YES;
				GCC_WARN_ABOUT_RETURN_TYPE = YES_ERROR;
				GCC_WARN_UNDECLARED_SELECTOR = YES;
				GCC_WARN_UNINITIALIZED_AUTOS = YES_AGGRESSIVE;
				GCC_WARN_UNUSED_FUNCTION = YES;
				GCC_WARN_UNUSED_VARIABLE = YES;
				IPHONEOS_DEPLOYMENT_TARGET = 15.4;
				MTL_ENABLE_DEBUG_INFO = NO;
				MTL_FAST_MATH = YES;
				SDKROOT = iphoneos;
				SWIFT_COMPILATION_MODE = wholemodule;
				SWIFT_OPTIMIZATION_LEVEL = "-O";
				VALIDATE_PRODUCT = YES;
			};
			name = Release;
		};
		EEBD31AE27F7799C0050D348 /* Debug */ = {
			isa = XCBuildConfiguration;
			buildSettings = {
				ASSETCATALOG_COMPILER_APPICON_NAME = AppIcon;
				ASSETCATALOG_COMPILER_GLOBAL_ACCENT_COLOR_NAME = AccentColor;
				CODE_SIGN_STYLE = Automatic;
				CURRENT_PROJECT_VERSION = 1;
				GENERATE_INFOPLIST_FILE = YES;
				INFOPLIST_FILE = TableViewExercise/Info.plist;
				INFOPLIST_KEY_UIApplicationSupportsIndirectInputEvents = YES;
				INFOPLIST_KEY_UILaunchStoryboardName = LaunchScreen;
				INFOPLIST_KEY_UIMainStoryboardFile = Main;
				INFOPLIST_KEY_UISupportedInterfaceOrientations_iPad = "UIInterfaceOrientationPortrait UIInterfaceOrientationPortraitUpsideDown UIInterfaceOrientationLandscapeLeft UIInterfaceOrientationLandscapeRight";
				INFOPLIST_KEY_UISupportedInterfaceOrientations_iPhone = "UIInterfaceOrientationPortrait UIInterfaceOrientationLandscapeLeft UIInterfaceOrientationLandscapeRight";
				LD_RUNPATH_SEARCH_PATHS = (
					"$(inherited)",
					"@executable_path/Frameworks",
				);
				MARKETING_VERSION = 1.0;
				PRODUCT_BUNDLE_IDENTIFIER = ca.nait.dmit.cpsc1519.bestrada2.TableViewExercise;
				PRODUCT_NAME = "$(TARGET_NAME)";
				SWIFT_EMIT_LOC_STRINGS = YES;
				SWIFT_VERSION = 5.0;
				TARGETED_DEVICE_FAMILY = "1,2";
			};
			name = Debug;
		};
		EEBD31AF27F7799C0050D348 /* Release */ = {
			isa = XCBuildConfiguration;
			buildSettings = {
				ASSETCATALOG_COMPILER_APPICON_NAME = AppIcon;
				ASSETCATALOG_COMPILER_GLOBAL_ACCENT_COLOR_NAME = AccentColor;
				CODE_SIGN_STYLE = Automatic;
				CURRENT_PROJECT_VERSION = 1;
				GENERATE_INFOPLIST_FILE = YES;
				INFOPLIST_FILE = TableViewExercise/Info.plist;
				INFOPLIST_KEY_UIApplicationSupportsIndirectInputEvents = YES;
				INFOPLIST_KEY_UILaunchStoryboardName = LaunchScreen;
				INFOPLIST_KEY_UIMainStoryboardFile = Main;
				INFOPLIST_KEY_UISupportedInterfaceOrientations_iPad = "UIInterfaceOrientationPortrait UIInterfaceOrientationPortraitUpsideDown UIInterfaceOrientationLandscapeLeft UIInterfaceOrientationLandscapeRight";
				INFOPLIST_KEY_UISupportedInterfaceOrientations_iPhone = "UIInterfaceOrientationPortrait UIInterfaceOrientationLandscapeLeft UIInterfaceOrientationLandscapeRight";
				LD_RUNPATH_SEARCH_PATHS = (
					"$(inherited)",
					"@executable_path/Frameworks",
				);
				MARKETING_VERSION = 1.0;
				PRODUCT_BUNDLE_IDENTIFIER = ca.nait.dmit.cpsc1519.bestrada2.TableViewExercise;
				PRODUCT_NAME = "$(TARGET_NAME)";
				SWIFT_EMIT_LOC_STRINGS = YES;
				SWIFT_VERSION = 5.0;
				TARGETED_DEVICE_FAMILY = "1,2";
			};
			name = Release;
		};
/* End XCBuildConfiguration section */

/* Begin XCConfigurationList section */
		EEBD319427F7799A0050D348 /* Build configuration list for PBXProject "TableViewExercise" */ = {
			isa = XCConfigurationList;
			buildConfigurations = (
				EEBD31AB27F7799C0050D348 /* Debug */,
				EEBD31AC27F7799C0050D348 /* Release */,
			);
			defaultConfigurationIsVisible = 0;
			defaultConfigurationName = Release;
		};
		EEBD31AD27F7799C0050D348 /* Build configuration list for PBXNativeTarget "TableViewExercise" */ = {
			isa = XCConfigurationList;
			buildConfigurations = (
				EEBD31AE27F7799C0050D348 /* Debug */,
				EEBD31AF27F7799C0050D348 /* Release */,
			);
			defaultConfigurationIsVisible = 0;
			defaultConfigurationName = Release;
		};
/* End XCConfigurationList section */
	};
	rootObject = EEBD319127F7799A0050D348 /* Project object */;
}
