// !$*UTF8*$!
{
	archiveVersion = 1;
	classes = {
	};
	objectVersion = 55;
	objects = {

/* Begin PBXBuildFile section */
		EE38EFB827E41AC500451A0B /* Tie Advanced.png in Resources */ = {isa = PBXBuildFile; fileRef = EE38EFB427E41AC500451A0B /* Tie Advanced.png */; };
		EE38EFB927E41AC500451A0B /* Tie Bomber.png in Resources */ = {isa = PBXBuildFile; fileRef = EE38EFB527E41AC500451A0B /* Tie Bomber.png */; };
		EE38EFBA27E41AC500451A0B /* X-Wing - 01.png in Resources */ = {isa = PBXBuildFile; fileRef = EE38EFB627E41AC500451A0B /* X-Wing - 01.png */; };
		EE38EFBB27E41AC500451A0B /* A-Wing.png in Resources */ = {isa = PBXBuildFile; fileRef = EE38EFB727E41AC500451A0B /* A-Wing.png */; };
		EE9806FB27E4077D000C53F1 /* AppDelegate.swift in Sources */ = {isa = PBXBuildFile; fileRef = EE9806FA27E4077D000C53F1 /* AppDelegate.swift */; };
		EE9806FD27E4077D000C53F1 /* SceneDelegate.swift in Sources */ = {isa = PBXBuildFile; fileRef = EE9806FC27E4077D000C53F1 /* SceneDelegate.swift */; };
		EE9806FF27E4077D000C53F1 /* ViewController.swift in Sources */ = {isa = PBXBuildFile; fileRef = EE9806FE27E4077D000C53F1 /* ViewController.swift */; };
		EE98070227E4077D000C53F1 /* Main.storyboard in Resources */ = {isa = PBXBuildFile; fileRef = EE98070027E4077D000C53F1 /* Main.storyboard */; };
		EE98070427E4077F000C53F1 /* Assets.xcassets in Resources */ = {isa = PBXBuildFile; fileRef = EE98070327E4077F000C53F1 /* Assets.xcassets */; };
		EE98070727E4077F000C53F1 /* LaunchScreen.storyboard in Resources */ = {isa = PBXBuildFile; fileRef = EE98070527E4077F000C53F1 /* LaunchScreen.storyboard */; };
		EE98070F27E40CE7000C53F1 /* TableViewCell.swift in Sources */ = {isa = PBXBuildFile; fileRef = EE98070E27E40CE7000C53F1 /* TableViewCell.swift */; };
/* End PBXBuildFile section */

/* Begin PBXFileReference section */
		EE38EFB427E41AC500451A0B /* Tie Advanced.png */ = {isa = PBXFileReference; lastKnownFileType = image.png; path = "Tie Advanced.png"; sourceTree = "<group>"; };
		EE38EFB527E41AC500451A0B /* Tie Bomber.png */ = {isa = PBXFileReference; lastKnownFileType = image.png; path = "Tie Bomber.png"; sourceTree = "<group>"; };
		EE38EFB627E41AC500451A0B /* X-Wing - 01.png */ = {isa = PBXFileReference; lastKnownFileType = image.png; path = "X-Wing - 01.png"; sourceTree = "<group>"; };
		EE38EFB727E41AC500451A0B /* A-Wing.png */ = {isa = PBXFileReference; lastKnownFileType = image.png; path = "A-Wing.png"; sourceTree = "<group>"; };
		EE9806F727E4077D000C53F1 /* TableViewCellVisualApp.app */ = {isa = PBXFileReference; explicitFileType = wrapper.application; includeInIndex = 0; path = TableViewCellVisualApp.app; sourceTree = BUILT_PRODUCTS_DIR; };
		EE9806FA27E4077D000C53F1 /* AppDelegate.swift */ = {isa = PBXFileReference; lastKnownFileType = sourcecode.swift; path = AppDelegate.swift; sourceTree = "<group>"; };
		EE9806FC27E4077D000C53F1 /* SceneDelegate.swift */ = {isa = PBXFileReference; lastKnownFileType = sourcecode.swift; path = SceneDelegate.swift; sourceTree = "<group>"; };
		EE9806FE27E4077D000C53F1 /* ViewController.swift */ = {isa = PBXFileReference; lastKnownFileType = sourcecode.swift; path = ViewController.swift; sourceTree = "<group>"; };
		EE98070127E4077D000C53F1 /* Base */ = {isa = PBXFileReference; lastKnownFileType = file.storyboard; name = Base; path = Base.lproj/Main.storyboard; sourceTree = "<group>"; };
		EE98070327E4077F000C53F1 /* Assets.xcassets */ = {isa = PBXFileReference; lastKnownFileType = folder.assetcatalog; path = Assets.xcassets; sourceTree = "<group>"; };
		EE98070627E4077F000C53F1 /* Base */ = {isa = PBXFileReference; lastKnownFileType = file.storyboard; name = Base; path = Base.lproj/LaunchScreen.storyboard; sourceTree = "<group>"; };
		EE98070827E4077F000C53F1 /* Info.plist */ = {isa = PBXFileReference; lastKnownFileType = text.plist.xml; path = Info.plist; sourceTree = "<group>"; };
		EE98070E27E40CE7000C53F1 /* TableViewCell.swift */ = {isa = PBXFileReference; lastKnownFileType = sourcecode.swift; path = TableViewCell.swift; sourceTree = "<group>"; };
/* End PBXFileReference section */

/* Begin PBXFrameworksBuildPhase section */
		EE9806F427E4077D000C53F1 /* Frameworks */ = {
			isa = PBXFrameworksBuildPhase;
			buildActionMask = 2147483647;
			files = (
			);
			runOnlyForDeploymentPostprocessing = 0;
		};
/* End PBXFrameworksBuildPhase section */

/* Begin PBXGroup section */
		EE9806EE27E4077D000C53F1 = {
			isa = PBXGroup;
			children = (
				EE9806F927E4077D000C53F1 /* TableViewCellVisualApp */,
				EE9806F827E4077D000C53F1 /* Products */,
			);
			sourceTree = "<group>";
		};
		EE9806F827E4077D000C53F1 /* Products */ = {
			isa = PBXGroup;
			children = (
				EE9806F727E4077D000C53F1 /* TableViewCellVisualApp.app */,
			);
			name = Products;
			sourceTree = "<group>";
		};
		EE9806F927E4077D000C53F1 /* TableViewCellVisualApp */ = {
			isa = PBXGroup;
			children = (
				EE9806FA27E4077D000C53F1 /* AppDelegate.swift */,
				EE9806FC27E4077D000C53F1 /* SceneDelegate.swift */,
				EE9806FE27E4077D000C53F1 /* ViewController.swift */,
				EE98070027E4077D000C53F1 /* Main.storyboard */,
				EE98070E27E40CE7000C53F1 /* TableViewCell.swift */,
				EE98070327E4077F000C53F1 /* Assets.xcassets */,
				EE98070527E4077F000C53F1 /* LaunchScreen.storyboard */,
				EE98070827E4077F000C53F1 /* Info.plist */,
				EE38EFB727E41AC500451A0B /* A-Wing.png */,
				EE38EFB427E41AC500451A0B /* Tie Advanced.png */,
				EE38EFB527E41AC500451A0B /* Tie Bomber.png */,
				EE38EFB627E41AC500451A0B /* X-Wing - 01.png */,
			);
			path = TableViewCellVisualApp;
			sourceTree = "<group>";
		};
/* End PBXGroup section */

/* Begin PBXNativeTarget section */
		EE9806F627E4077D000C53F1 /* TableViewCellVisualApp */ = {
			isa = PBXNativeTarget;
			buildConfigurationList = EE98070B27E4077F000C53F1 /* Build configuration list for PBXNativeTarget "TableViewCellVisualApp" */;
			buildPhases = (
				EE9806F327E4077D000C53F1 /* Sources */,
				EE9806F427E4077D000C53F1 /* Frameworks */,
				EE9806F527E4077D000C53F1 /* Resources */,
			);
			buildRules = (
			);
			dependencies = (
			);
			name = TableViewCellVisualApp;
			productName = TableViewCellVisualApp;
			productReference = EE9806F727E4077D000C53F1 /* TableViewCellVisualApp.app */;
			productType = "com.apple.product-type.application";
		};
/* End PBXNativeTarget section */

/* Begin PBXProject section */
		EE9806EF27E4077D000C53F1 /* Project object */ = {
			isa = PBXProject;
			attributes = {
				BuildIndependentTargetsInParallel = 1;
				LastSwiftUpdateCheck = 1330;
				LastUpgradeCheck = 1330;
				TargetAttributes = {
					EE9806F627E4077D000C53F1 = {
						CreatedOnToolsVersion = 13.3;
					};
				};
			};
			buildConfigurationList = EE9806F227E4077D000C53F1 /* Build configuration list for PBXProject "TableViewCellVisualApp" */;
			compatibilityVersion = "Xcode 13.0";
			developmentRegion = en;
			hasScannedForEncodings = 0;
			knownRegions = (
				en,
				Base,
			);
			mainGroup = EE9806EE27E4077D000C53F1;
			productRefGroup = EE9806F827E4077D000C53F1 /* Products */;
			projectDirPath = "";
			projectRoot = "";
			targets = (
				EE9806F627E4077D000C53F1 /* TableViewCellVisualApp */,
			);
		};
/* End PBXProject section */

/* Begin PBXResourcesBuildPhase section */
		EE9806F527E4077D000C53F1 /* Resources */ = {
			isa = PBXResourcesBuildPhase;
			buildActionMask = 2147483647;
			files = (
				EE38EFBA27E41AC500451A0B /* X-Wing - 01.png in Resources */,
				EE98070727E4077F000C53F1 /* LaunchScreen.storyboard in Resources */,
				EE98070427E4077F000C53F1 /* Assets.xcassets in Resources */,
				EE98070227E4077D000C53F1 /* Main.storyboard in Resources */,
				EE38EFB927E41AC500451A0B /* Tie Bomber.png in Resources */,
				EE38EFBB27E41AC500451A0B /* A-Wing.png in Resources */,
				EE38EFB827E41AC500451A0B /* Tie Advanced.png in Resources */,
			);
			runOnlyForDeploymentPostprocessing = 0;
		};
/* End PBXResourcesBuildPhase section */

/* Begin PBXSourcesBuildPhase section */
		EE9806F327E4077D000C53F1 /* Sources */ = {
			isa = PBXSourcesBuildPhase;
			buildActionMask = 2147483647;
			files = (
				EE9806FF27E4077D000C53F1 /* ViewController.swift in Sources */,
				EE98070F27E40CE7000C53F1 /* TableViewCell.swift in Sources */,
				EE9806FB27E4077D000C53F1 /* AppDelegate.swift in Sources */,
				EE9806FD27E4077D000C53F1 /* SceneDelegate.swift in Sources */,
			);
			runOnlyForDeploymentPostprocessing = 0;
		};
/* End PBXSourcesBuildPhase section */

/* Begin PBXVariantGroup section */
		EE98070027E4077D000C53F1 /* Main.storyboard */ = {
			isa = PBXVariantGroup;
			children = (
				EE98070127E4077D000C53F1 /* Base */,
			);
			name = Main.storyboard;
			sourceTree = "<group>";
		};
		EE98070527E4077F000C53F1 /* LaunchScreen.storyboard */ = {
			isa = PBXVariantGroup;
			children = (
				EE98070627E4077F000C53F1 /* Base */,
			);
			name = LaunchScreen.storyboard;
			sourceTree = "<group>";
		};
/* End PBXVariantGroup section */

/* Begin XCBuildConfiguration section */
		EE98070927E4077F000C53F1 /* Debug */ = {
			isa = XCBuildConfiguration;
			buildSettings = {
				ALWAYS_SEARCH_USER_PATHS = NO;
				CLANG_ANALYZER_NONNULL = YES;
				CLANG_ANALYZER_NUMBER_OBJECT_CONVERSION = YES_AGGRESSIVE;
				CLANG_CXX_LANGUAGE_STANDARD = "gnu++17";
				CLANG_ENABLE_MODULES = YES;
				CLANG_ENABLE_OBJC_ARC = YES;
				CLANG_ENABLE_OBJC_WEAK = YES;
				CLANG_WARN_BLOCK_CAPTURE_AUTORELEASING = YES;
				CLANG_WARN_BOOL_CONVERSION = YES;
				CLANG_WARN_COMMA = YES;
				CLANG_WARN_CONSTANT_CONVERSION = YES;
				CLANG_WARN_DEPRECATED_OBJC_IMPLEMENTATIONS = YES;
				CLANG_WARN_DIRECT_OBJC_ISA_USAGE = YES_ERROR;
				CLANG_WARN_DOCUMENTATION_COMMENTS = YES;
				CLANG_WARN_EMPTY_BODY = YES;
				CLANG_WARN_ENUM_CONVERSION = YES;
				CLANG_WARN_INFINITE_RECURSION = YES;
				CLANG_WARN_INT_CONVERSION = YES;
				CLANG_WARN_NON_LITERAL_NULL_CONVERSION = YES;
				CLANG_WARN_OBJC_IMPLICIT_RETAIN_SELF = YES;
				CLANG_WARN_OBJC_LITERAL_CONVERSION = YES;
				CLANG_WARN_OBJC_ROOT_CLASS = YES_ERROR;
				CLANG_WARN_QUOTED_INCLUDE_IN_FRAMEWORK_HEADER = YES;
				CLANG_WARN_RANGE_LOOP_ANALYSIS = YES;
				CLANG_WARN_STRICT_PROTOTYPES = YES;
				CLANG_WARN_SUSPICIOUS_MOVE = YES;
				CLANG_WARN_UNGUARDED_AVAILABILITY = YES_AGGRESSIVE;
				CLANG_WARN_UNREACHABLE_CODE = YES;
				CLANG_WARN__DUPLICATE_METHOD_MATCH = YES;
				COPY_PHASE_STRIP = NO;
				DEBUG_INFORMATION_FORMAT = dwarf;
				ENABLE_STRICT_OBJC_MSGSEND = YES;
				ENABLE_TESTABILITY = YES;
				GCC_C_LANGUAGE_STANDARD = gnu11;
				GCC_DYNAMIC_NO_PIC = NO;
				GCC_NO_COMMON_BLOCKS = YES;
				GCC_OPTIMIZATION_LEVEL = 0;
				GCC_PREPROCESSOR_DEFINITIONS = (
					"DEBUG=1",
					"$(inherited)",
				);
				GCC_WARN_64_TO_32_BIT_CONVERSION = YES;
				GCC_WARN_ABOUT_RETURN_TYPE = YES_ERROR;
				GCC_WARN_UNDECLARED_SELECTOR = YES;
				GCC_WARN_UNINITIALIZED_AUTOS = YES_AGGRESSIVE;
				GCC_WARN_UNUSED_FUNCTION = YES;
				GCC_WARN_UNUSED_VARIABLE = YES;
				IPHONEOS_DEPLOYMENT_TARGET = 15.4;
				MTL_ENABLE_DEBUG_INFO = INCLUDE_SOURCE;
				MTL_FAST_MATH = YES;
				ONLY_ACTIVE_ARCH = YES;
				SDKROOT = iphoneos;
				SWIFT_ACTIVE_COMPILATION_CONDITIONS = DEBUG;
				SWIFT_OPTIMIZATION_LEVEL = "-Onone";
			};
			name = Debug;
		};
		EE98070A27E4077F000C53F1 /* Release */ = {
			isa = XCBuildConfiguration;
			buildSettings = {
				ALWAYS_SEARCH_USER_PATHS = NO;
				CLANG_ANALYZER_NONNULL = YES;
				CLANG_ANALYZER_NUMBER_OBJECT_CONVERSION = YES_AGGRESSIVE;
				CLANG_CXX_LANGUAGE_STANDARD = "gnu++17";
				CLANG_ENABLE_MODULES = YES;
				CLANG_ENABLE_OBJC_ARC = YES;
				CLANG_ENABLE_OBJC_WEAK = YES;
				CLANG_WARN_BLOCK_CAPTURE_AUTORELEASING = YES;
				CLANG_WARN_BOOL_CONVERSION = YES;
				CLANG_WARN_COMMA = YES;
				CLANG_WARN_CONSTANT_CONVERSION = YES;
				CLANG_WARN_DEPRECATED_OBJC_IMPLEMENTATIONS = YES;
				CLANG_WARN_DIRECT_OBJC_ISA_USAGE = YES_ERROR;
				CLANG_WARN_DOCUMENTATION_COMMENTS = YES;
				CLANG_WARN_EMPTY_BODY = YES;
				CLANG_WARN_ENUM_CONVERSION = YES;
				CLANG_WARN_INFINITE_RECURSION = YES;
				CLANG_WARN_INT_CONVERSION = YES;
				CLANG_WARN_NON_LITERAL_NULL_CONVERSION = YES;
				CLANG_WARN_OBJC_IMPLICIT_RETAIN_SELF = YES;
				CLANG_WARN_OBJC_LITERAL_CONVERSION = YES;
				CLANG_WARN_OBJC_ROOT_CLASS = YES_ERROR;
				CLANG_WARN_QUOTED_INCLUDE_IN_FRAMEWORK_HEADER = YES;
				CLANG_WARN_RANGE_LOOP_ANALYSIS = YES;
				CLANG_WARN_STRICT_PROTOTYPES = YES;
				CLANG_WARN_SUSPICIOUS_MOVE = YES;
				CLANG_WARN_UNGUARDED_AVAILABILITY = YES_AGGRESSIVE;
				CLANG_WARN_UNREACHABLE_CODE = YES;
				CLANG_WARN__DUPLICATE_METHOD_MATCH = YES;
				COPY_PHASE_STRIP = NO;
				DEBUG_INFORMATION_FORMAT = "dwarf-with-dsym";
				ENABLE_NS_ASSERTIONS = NO;
				ENABLE_STRICT_OBJC_MSGSEND = YES;
				GCC_C_LANGUAGE_STANDARD = gnu11;
				GCC_NO_COMMON_BLOCKS = YES;
				GCC_WARN_64_TO_32_BIT_CONVERSION = YES;
				GCC_WARN_ABOUT_RETURN_TYPE = YES_ERROR;
				GCC_WARN_UNDECLARED_SELECTOR = YES;
				GCC_WARN_UNINITIALIZED_AUTOS = YES_AGGRESSIVE;
				GCC_WARN_UNUSED_FUNCTION = YES;
				GCC_WARN_UNUSED_VARIABLE = YES;
				IPHONEOS_DEPLOYMENT_TARGET = 15.4;
				MTL_ENABLE_DEBUG_INFO = NO;
				MTL_FAST_MATH = YES;
				SDKROOT = iphoneos;
				SWIFT_COMPILATION_MODE = wholemodule;
				SWIFT_OPTIMIZATION_LEVEL = "-O";
				VALIDATE_PRODUCT = YES;
			};
			name = Release;
		};
		EE98070C27E4077F000C53F1 /* Debug */ = {
			isa = XCBuildConfiguration;
			buildSettings = {
				ASSETCATALOG_COMPILER_APPICON_NAME = AppIcon;
				ASSETCATALOG_COMPILER_GLOBAL_ACCENT_COLOR_NAME = AccentColor;
				CODE_SIGN_STYLE = Automatic;
				CURRENT_PROJECT_VERSION = 1;
				GENERATE_INFOPLIST_FILE = YES;
				INFOPLIST_FILE = TableViewCellVisualApp/Info.plist;
				INFOPLIST_KEY_UIApplicationSupportsIndirectInputEvents = YES;
				INFOPLIST_KEY_UILaunchStoryboardName = LaunchScreen;
				INFOPLIST_KEY_UIMainStoryboardFile = Main;
				INFOPLIST_KEY_UISupportedInterfaceOrientations_iPad = "UIInterfaceOrientationPortrait UIInterfaceOrientationPortraitUpsideDown UIInterfaceOrientationLandscapeLeft UIInterfaceOrientationLandscapeRight";
				INFOPLIST_KEY_UISupportedInterfaceOrientations_iPhone = "UIInterfaceOrientationPortrait UIInterfaceOrientationLandscapeLeft UIInterfaceOrientationLandscapeRight";
				LD_RUNPATH_SEARCH_PATHS = (
					"$(inherited)",
					"@executable_path/Frameworks",
				);
				MARKETING_VERSION = 1.0;
				PRODUCT_BUNDLE_IDENTIFIER = ca.nait.dmit.cpsc1519.bestrada2.TableViewCellVisualApp;
				PRODUCT_NAME = "$(TARGET_NAME)";
				SWIFT_EMIT_LOC_STRINGS = YES;
				SWIFT_VERSION = 5.0;
				TARGETED_DEVICE_FAMILY = "1,2";
			};
			name = Debug;
		};
		EE98070D27E4077F000C53F1 /* Release */ = {
			isa = XCBuildConfiguration;
			buildSettings = {
				ASSETCATALOG_COMPILER_APPICON_NAME = AppIcon;
				ASSETCATALOG_COMPILER_GLOBAL_ACCENT_COLOR_NAME = AccentColor;
				CODE_SIGN_STYLE = Automatic;
				CURRENT_PROJECT_VERSION = 1;
				GENERATE_INFOPLIST_FILE = YES;
				INFOPLIST_FILE = TableViewCellVisualApp/Info.plist;
				INFOPLIST_KEY_UIApplicationSupportsIndirectInputEvents = YES;
				INFOPLIST_KEY_UILaunchStoryboardName = LaunchScreen;
				INFOPLIST_KEY_UIMainStoryboardFile = Main;
				INFOPLIST_KEY_UISupportedInterfaceOrientations_iPad = "UIInterfaceOrientationPortrait UIInterfaceOrientationPortraitUpsideDown UIInterfaceOrientationLandscapeLeft UIInterfaceOrientationLandscapeRight";
				INFOPLIST_KEY_UISupportedInterfaceOrientations_iPhone = "UIInterfaceOrientationPortrait UIInterfaceOrientationLandscapeLeft UIInterfaceOrientationLandscapeRight";
				LD_RUNPATH_SEARCH_PATHS = (
					"$(inherited)",
					"@executable_path/Frameworks",
				);
				MARKETING_VERSION = 1.0;
				PRODUCT_BUNDLE_IDENTIFIER = ca.nait.dmit.cpsc1519.bestrada2.TableViewCellVisualApp;
				PRODUCT_NAME = "$(TARGET_NAME)";
				SWIFT_EMIT_LOC_STRINGS = YES;
				SWIFT_VERSION = 5.0;
				TARGETED_DEVICE_FAMILY = "1,2";
			};
			name = Release;
		};
/* End XCBuildConfiguration section */

/* Begin XCConfigurationList section */
		EE9806F227E4077D000C53F1 /* Build configuration list for PBXProject "TableViewCellVisualApp" */ = {
			isa = XCConfigurationList;
			buildConfigurations = (
				EE98070927E4077F000C53F1 /* Debug */,
				EE98070A27E4077F000C53F1 /* Release */,
			);
			defaultConfigurationIsVisible = 0;
			defaultConfigurationName = Release;
		};
		EE98070B27E4077F000C53F1 /* Build configuration list for PBXNativeTarget "TableViewCellVisualApp" */ = {
			isa = XCConfigurationList;
			buildConfigurations = (
				EE98070C27E4077F000C53F1 /* Debug */,
				EE98070D27E4077F000C53F1 /* Release */,
			);
			defaultConfigurationIsVisible = 0;
			defaultConfigurationName = Release;
		};
/* End XCConfigurationList section */
	};
	rootObject = EE9806EF27E4077D000C53F1 /* Project object */;
}
